
Microsoft Visual Studio Solution File, Format Version 12.00
# Visual Studio Version 16
VisualStudioVersion = 16.0.30523.141
MinimumVisualStudioVersion = 10.0.40219.1
Project("{FAE04EC0-301F-11D3-BF4B-00C04F79EFBC}") = "COME", "COME\COME.csproj", "{FAB838EE-A641-486F-A03F-30958D7CD8E8}"
EndProject
Global
	GlobalSection(SolutionConfigurationPlatforms) = preSolution
		Debug|Any CPU = Debug|Any CPU
		Release|Any CPU = Release|Any CPU
	EndGlobalSection
	GlobalSection(ProjectConfigurationPlatforms) = postSolution
		{FAB838EE-A641-486F-A03F-30958D7CD8E8}.Debug|Any CPU.ActiveCfg = Debug|Any CPU
		{FAB838EE-A641-486F-A03F-30958D7CD8E8}.Debug|Any CPU.Build.0 = Debug|Any CPU
		{FAB838EE-A641-486F-A03F-30958D7CD8E8}.Release|Any CPU.ActiveCfg = Release|Any CPU
		{FAB838EE-A641-486F-A03F-30958D7CD8E8}.Release|Any CPU.Build.0 = Release|Any CPU
	EndGlobalSection
	GlobalSection(SolutionProperties) = preSolution
		HideSolutionNode = FALSE
	EndGlobalSection
	GlobalSection(ExtensibilityGlobals) = postSolution
		SolutionGuid = {3515D801-343C-4BC8-86E3-1B8B3F238E91}
	EndGlobalSection
EndGlobal
